
Microsoft Visual Studio Solution File, Format Version 12.00
# Visual Studio Version 16
VisualStudioVersion = 16.0.30804.86
MinimumVisualStudioVersion = 10.0.40219.1
Project("{FAE04EC0-301F-11D3-BF4B-00C04F79EFBC}") = "DiShare", "DiShare\DiShare.csproj", "{6F3FCCE8-81D7-4D21-99E3-2FA3D090FFFB}"
EndProject
Global
	GlobalSection(SolutionConfigurationPlatforms) = preSolution
		Debug|Any CPU = Debug|Any CPU
		Release|Any CPU = Release|Any CPU
	EndGlobalSection
	GlobalSection(ProjectConfigurationPlatforms) = postSolution
		{6F3FCCE8-81D7-4D21-99E3-2FA3D090FFFB}.Debug|Any CPU.ActiveCfg = Debug|Any CPU
		{6F3FCCE8-81D7-4D21-99E3-2FA3D090FFFB}.Debug|Any CPU.Build.0 = Debug|Any CPU
		{6F3FCCE8-81D7-4D21-99E3-2FA3D090FFFB}.Release|Any CPU.ActiveCfg = Release|Any CPU
		{6F3FCCE8-81D7-4D21-99E3-2FA3D090FFFB}.Release|Any CPU.Build.0 = Release|Any CPU
	EndGlobalSection
	GlobalSection(SolutionProperties) = preSolution
		HideSolutionNode = FALSE
	EndGlobalSection
	GlobalSection(ExtensibilityGlobals) = postSolution
		SolutionGuid = {4FB03133-6055-488E-9A1A-DA320DAB7E0B}
	EndGlobalSection
EndGlobal
